
Microsoft Visual Studio Solution File, Format Version 12.00
# Visual Studio Version 17
VisualStudioVersion = 17.8.34511.84
MinimumVisualStudioVersion = 10.0.40219.1
Project("{2150E333-8FDC-42A3-9474-1A3956D46DE8}") = "TelegramHost", "TelegramHost", "{0FFC9CAE-4F8C-40E0-9AD6-5B376D0D6CD6}"
EndProject
Project("{9A19103F-16F7-4668-BE54-9A1E7A4F7556}") = "MultiDownloader.TelegramHost.Models", "TelegramHost\MultiDownloader.TelegramHost.Models\MultiDownloader.TelegramHost.Models.csproj", "{CC468E2A-0EDD-4103-B6DD-4CA496F08110}"
EndProject
Project("{9A19103F-16F7-4668-BE54-9A1E7A4F7556}") = "MultiDownloader.TelegramHost.TgBotProcessor", "TelegramHost\MultiDownloader.TelegramHost.Processor\MultiDownloader.TelegramHost.TgBotProcessor.csproj", "{5547AFBB-ABF0-4DBD-A5AD-5D9FCB795A9A}"
EndProject
Project("{9A19103F-16F7-4668-BE54-9A1E7A4F7556}") = "MultiDownloader.TelegramHost.Host", "TelegramHost\MultiDownloader.TelegramHost.Host\MultiDownloader.TelegramHost.Host.csproj", "{F4764102-3397-42A1-858E-FE07BBF9A096}"
EndProject
Project("{9A19103F-16F7-4668-BE54-9A1E7A4F7556}") = "MultiDownloader.TelegramHost.Database", "TelegramHost\MultiDownloader.TelegramHost.Database\MultiDownloader.TelegramHost.Database.csproj", "{EEB394A1-5C5C-4953-A531-3A18A5DFD766}"
EndProject
Project("{2150E333-8FDC-42A3-9474-1A3956D46DE8}") = "DownloaderApi", "DownloaderApi", "{AF3B602E-A589-45D8-899F-C1F6F58FEBAE}"
EndProject
Project("{9A19103F-16F7-4668-BE54-9A1E7A4F7556}") = "MultiDownloader.DownloaderApi.Host", "DownloaderApi\DownloaderApi.Host\MultiDownloader.DownloaderApi.Host.csproj", "{5C1334BF-3969-4F91-B4D8-5B54FEB1DC6F}"
EndProject
Project("{9A19103F-16F7-4668-BE54-9A1E7A4F7556}") = "MultiDownloader.DownloaderApi.Downloader", "DownloaderApi\MultiDownloader.DownloaderApi.Downloader\MultiDownloader.DownloaderApi.Downloader.csproj", "{2E7761EC-6444-4839-8503-FFFFA1E37CA4}"
EndProject
Project("{9A19103F-16F7-4668-BE54-9A1E7A4F7556}") = "MultiDownloader.DownloaderApi.DownloaderProvider", "DownloaderApi\MultiDownloader.DownloaderApi.DownloaderProvider\MultiDownloader.DownloaderApi.DownloaderProvider.csproj", "{54E0B5CA-8DA3-4828-8F6D-91644EE608C0}"
EndProject
Global
	GlobalSection(SolutionConfigurationPlatforms) = preSolution
		Debug|Any CPU = Debug|Any CPU
		Release|Any CPU = Release|Any CPU
	EndGlobalSection
	GlobalSection(ProjectConfigurationPlatforms) = postSolution
		{CC468E2A-0EDD-4103-B6DD-4CA496F08110}.Debug|Any CPU.ActiveCfg = Debug|Any CPU
		{CC468E2A-0EDD-4103-B6DD-4CA496F08110}.Debug|Any CPU.Build.0 = Debug|Any CPU
		{CC468E2A-0EDD-4103-B6DD-4CA496F08110}.Release|Any CPU.ActiveCfg = Release|Any CPU
		{CC468E2A-0EDD-4103-B6DD-4CA496F08110}.Release|Any CPU.Build.0 = Release|Any CPU
		{5547AFBB-ABF0-4DBD-A5AD-5D9FCB795A9A}.Debug|Any CPU.ActiveCfg = Debug|Any CPU
		{5547AFBB-ABF0-4DBD-A5AD-5D9FCB795A9A}.Debug|Any CPU.Build.0 = Debug|Any CPU
		{5547AFBB-ABF0-4DBD-A5AD-5D9FCB795A9A}.Release|Any CPU.ActiveCfg = Release|Any CPU
		{5547AFBB-ABF0-4DBD-A5AD-5D9FCB795A9A}.Release|Any CPU.Build.0 = Release|Any CPU
		{F4764102-3397-42A1-858E-FE07BBF9A096}.Debug|Any CPU.ActiveCfg = Debug|Any CPU
		{F4764102-3397-42A1-858E-FE07BBF9A096}.Debug|Any CPU.Build.0 = Debug|Any CPU
		{F4764102-3397-42A1-858E-FE07BBF9A096}.Release|Any CPU.ActiveCfg = Release|Any CPU
		{F4764102-3397-42A1-858E-FE07BBF9A096}.Release|Any CPU.Build.0 = Release|Any CPU
		{EEB394A1-5C5C-4953-A531-3A18A5DFD766}.Debug|Any CPU.ActiveCfg = Debug|Any CPU
		{EEB394A1-5C5C-4953-A531-3A18A5DFD766}.Debug|Any CPU.Build.0 = Debug|Any CPU
		{EEB394A1-5C5C-4953-A531-3A18A5DFD766}.Release|Any CPU.ActiveCfg = Release|Any CPU
		{EEB394A1-5C5C-4953-A531-3A18A5DFD766}.Release|Any CPU.Build.0 = Release|Any CPU
		{5C1334BF-3969-4F91-B4D8-5B54FEB1DC6F}.Debug|Any CPU.ActiveCfg = Debug|Any CPU
		{5C1334BF-3969-4F91-B4D8-5B54FEB1DC6F}.Debug|Any CPU.Build.0 = Debug|Any CPU
		{5C1334BF-3969-4F91-B4D8-5B54FEB1DC6F}.Release|Any CPU.ActiveCfg = Release|Any CPU
		{5C1334BF-3969-4F91-B4D8-5B54FEB1DC6F}.Release|Any CPU.Build.0 = Release|Any CPU
		{2E7761EC-6444-4839-8503-FFFFA1E37CA4}.Debug|Any CPU.ActiveCfg = Debug|Any CPU
		{2E7761EC-6444-4839-8503-FFFFA1E37CA4}.Debug|Any CPU.Build.0 = Debug|Any CPU
		{2E7761EC-6444-4839-8503-FFFFA1E37CA4}.Release|Any CPU.ActiveCfg = Release|Any CPU
		{2E7761EC-6444-4839-8503-FFFFA1E37CA4}.Release|Any CPU.Build.0 = Release|Any CPU
		{54E0B5CA-8DA3-4828-8F6D-91644EE608C0}.Debug|Any CPU.ActiveCfg = Debug|Any CPU
		{54E0B5CA-8DA3-4828-8F6D-91644EE608C0}.Debug|Any CPU.Build.0 = Debug|Any CPU
		{54E0B5CA-8DA3-4828-8F6D-91644EE608C0}.Release|Any CPU.ActiveCfg = Release|Any CPU
		{54E0B5CA-8DA3-4828-8F6D-91644EE608C0}.Release|Any CPU.Build.0 = Release|Any CPU
	EndGlobalSection
	GlobalSection(SolutionProperties) = preSolution
		HideSolutionNode = FALSE
	EndGlobalSection
	GlobalSection(NestedProjects) = preSolution
		{CC468E2A-0EDD-4103-B6DD-4CA496F08110} = {0FFC9CAE-4F8C-40E0-9AD6-5B376D0D6CD6}
		{5547AFBB-ABF0-4DBD-A5AD-5D9FCB795A9A} = {0FFC9CAE-4F8C-40E0-9AD6-5B376D0D6CD6}
		{F4764102-3397-42A1-858E-FE07BBF9A096} = {0FFC9CAE-4F8C-40E0-9AD6-5B376D0D6CD6}
		{EEB394A1-5C5C-4953-A531-3A18A5DFD766} = {0FFC9CAE-4F8C-40E0-9AD6-5B376D0D6CD6}
		{5C1334BF-3969-4F91-B4D8-5B54FEB1DC6F} = {AF3B602E-A589-45D8-899F-C1F6F58FEBAE}
		{2E7761EC-6444-4839-8503-FFFFA1E37CA4} = {AF3B602E-A589-45D8-899F-C1F6F58FEBAE}
		{54E0B5CA-8DA3-4828-8F6D-91644EE608C0} = {AF3B602E-A589-45D8-899F-C1F6F58FEBAE}
	EndGlobalSection
	GlobalSection(ExtensibilityGlobals) = postSolution
		SolutionGuid = {A08834C6-3ED3-44A3-B6EF-AEBA65A2DF4A}
	EndGlobalSection
EndGlobal
