
Microsoft Visual Studio Solution File, Format Version 12.00
# Visual Studio Version 17
VisualStudioVersion = 17.8.34511.84
MinimumVisualStudioVersion = 10.0.40219.1
Project("{2150E333-8FDC-42A3-9474-1A3956D46DE8}") = "DatabaseApi", "DatabaseApi", "{45C15285-D6AE-4ADD-AC3F-93CBCAB10DEE}"
EndProject
Project("{9A19103F-16F7-4668-BE54-9A1E7A4F7556}") = "MultiDownloader.DatabaseApi.Database", "DatabaseApi\MultiDownloader.DatabaseApi.Database\MultiDownloader.DatabaseApi.Database.csproj", "{09421C48-01AE-4D6B-A0B9-64B4B70D2C6E}"
EndProject
Project("{9A19103F-16F7-4668-BE54-9A1E7A4F7556}") = "MultiDownloader.DatabaseApi.Host", "DatabaseApi\MultiDownloader.DatabaseApi.Host\MultiDownloader.DatabaseApi.Host.csproj", "{211638D5-BC64-4FAB-9985-05DCEEC748E2}"
EndProject
Global
	GlobalSection(SolutionConfigurationPlatforms) = preSolution
		Debug|Any CPU = Debug|Any CPU
		Release|Any CPU = Release|Any CPU
	EndGlobalSection
	GlobalSection(ProjectConfigurationPlatforms) = postSolution
		{09421C48-01AE-4D6B-A0B9-64B4B70D2C6E}.Debug|Any CPU.ActiveCfg = Debug|Any CPU
		{09421C48-01AE-4D6B-A0B9-64B4B70D2C6E}.Debug|Any CPU.Build.0 = Debug|Any CPU
		{09421C48-01AE-4D6B-A0B9-64B4B70D2C6E}.Release|Any CPU.ActiveCfg = Release|Any CPU
		{09421C48-01AE-4D6B-A0B9-64B4B70D2C6E}.Release|Any CPU.Build.0 = Release|Any CPU
		{211638D5-BC64-4FAB-9985-05DCEEC748E2}.Debug|Any CPU.ActiveCfg = Debug|Any CPU
		{211638D5-BC64-4FAB-9985-05DCEEC748E2}.Debug|Any CPU.Build.0 = Debug|Any CPU
		{211638D5-BC64-4FAB-9985-05DCEEC748E2}.Release|Any CPU.ActiveCfg = Release|Any CPU
		{211638D5-BC64-4FAB-9985-05DCEEC748E2}.Release|Any CPU.Build.0 = Release|Any CPU
	EndGlobalSection
	GlobalSection(SolutionProperties) = preSolution
		HideSolutionNode = FALSE
	EndGlobalSection
	GlobalSection(NestedProjects) = preSolution
		{09421C48-01AE-4D6B-A0B9-64B4B70D2C6E} = {45C15285-D6AE-4ADD-AC3F-93CBCAB10DEE}
		{211638D5-BC64-4FAB-9985-05DCEEC748E2} = {45C15285-D6AE-4ADD-AC3F-93CBCAB10DEE}
	EndGlobalSection
	GlobalSection(ExtensibilityGlobals) = postSolution
		SolutionGuid = {A08834C6-3ED3-44A3-B6EF-AEBA65A2DF4A}
	EndGlobalSection
EndGlobal
